# THIS IS AN AUTOGENERATED FILE. DO NOT EDIT THIS FILE DIRECTLY.
# yarn lockfile v1


accept@2.x.x:
  version "2.1.3"
  resolved "https://registry.yarnpkg.com/accept/-/accept-2.1.3.tgz#ab0f5bda4c449bbe926aea607b3522562f5acf86"
  dependencies:
    boom "4.x.x"
    hoek "4.x.x"

accepts@1.3.3:
  version "1.3.3"
  resolved "https://registry.yarnpkg.com/accepts/-/accepts-1.3.3.tgz#c3ca7434938648c3e0d9c1e328dd68b622c284ca"
  dependencies:
    mime-types "~2.1.11"
    negotiator "0.6.1"

after@0.8.2:
  version "0.8.2"
  resolved "https://registry.yarnpkg.com/after/-/after-0.8.2.tgz#fedb394f9f0e02aa9768e702bda23b505fae7e1f"

ammo@2.x.x:
  version "2.0.3"
  resolved "https://registry.yarnpkg.com/ammo/-/ammo-2.0.3.tgz#914bbcf65b043ed0f58a8a9d0196e250ec51e6a7"
  dependencies:
    boom "4.x.x"
    hoek "4.x.x"

arraybuffer.slice@0.0.6:
  version "0.0.6"
  resolved "https://registry.yarnpkg.com/arraybuffer.slice/-/arraybuffer.slice-0.0.6.tgz#f33b2159f0532a3f3107a272c0ccfbd1ad2979ca"

aurelia-event-aggregator@^1.0.0:
  version "1.0.1"
  resolved "https://registry.yarnpkg.com/aurelia-event-aggregator/-/aurelia-event-aggregator-1.0.1.tgz#9d7c7c1e1efe1ef3a78785e76abe80601e2d34c8"
  dependencies:
    aurelia-logging "^1.0.0"

aurelia-logging@^1.0.0:
  version "1.3.0"
  resolved "https://registry.yarnpkg.com/aurelia-logging/-/aurelia-logging-1.3.0.tgz#dda68cb8e6cf8387b341aa68cae603406d9759a2"

b64@3.x.x:
  version "3.0.2"
  resolved "https://registry.yarnpkg.com/b64/-/b64-3.0.2.tgz#7a9d60466adf7b8de114cbdf651a5fdfcc90894d"

backo2@1.0.2:
  version "1.0.2"
  resolved "https://registry.yarnpkg.com/backo2/-/backo2-1.0.2.tgz#31ab1ac8b129363463e35b3ebb69f4dfcfba7947"

base64-arraybuffer@0.1.5:
  version "0.1.5"
  resolved "https://registry.yarnpkg.com/base64-arraybuffer/-/base64-arraybuffer-0.1.5.tgz#73926771923b5a19747ad666aa5cd4bf9c6e9ce8"

base64id@1.0.0:
  version "1.0.0"
  resolved "https://registry.yarnpkg.com/base64id/-/base64id-1.0.0.tgz#47688cb99bb6804f0e06d3e763b1c32e57d8e6b6"

better-assert@~1.0.0:
  version "1.0.2"
  resolved "https://registry.yarnpkg.com/better-assert/-/better-assert-1.0.2.tgz#40866b9e1b9e0b55b481894311e68faffaebc522"
  dependencies:
    callsite "1.0.0"

blob@0.0.4:
  version "0.0.4"
  resolved "https://registry.yarnpkg.com/blob/-/blob-0.0.4.tgz#bcf13052ca54463f30f9fc7e95b9a47630a94921"

bluebird@^3.4.7:
  version "3.5.0"
  resolved "https://registry.yarnpkg.com/bluebird/-/bluebird-3.5.0.tgz#791420d7f551eea2897453a8a77653f96606d67c"

boom@2.x.x:
  version "2.10.1"
  resolved "https://registry.yarnpkg.com/boom/-/boom-2.10.1.tgz#39c8918ceff5799f83f9492a848f625add0c766f"
  dependencies:
    hoek "2.x.x"

boom@3.x.x:
  version "3.2.2"
  resolved "https://registry.yarnpkg.com/boom/-/boom-3.2.2.tgz#0f0cc5d04adc5003b8c7d71f42cca7271fef0e78"
  dependencies:
    hoek "4.x.x"

boom@4.x.x:
  version "4.2.0"
  resolved "https://registry.yarnpkg.com/boom/-/boom-4.2.0.tgz#c1a74174b11fbba223f6162d4fd8851a1b82a536"
  dependencies:
    hoek "4.x.x"

call@3.x.x:
  version "3.0.4"
  resolved "https://registry.yarnpkg.com/call/-/call-3.0.4.tgz#e380f2f2a491330aa79085355f8be080877d559e"
  dependencies:
    boom "4.x.x"
    hoek "4.x.x"

callsite@1.0.0:
  version "1.0.0"
  resolved "https://registry.yarnpkg.com/callsite/-/callsite-1.0.0.tgz#280398e5d664bd74038b6f0905153e6e8af1bc20"

catbox-memory@2.x.x:
  version "2.0.4"
  resolved "https://registry.yarnpkg.com/catbox-memory/-/catbox-memory-2.0.4.tgz#433e255902caf54233d1286429c8f4df14e822d5"
  dependencies:
    hoek "4.x.x"

catbox@7.x.x:
  version "7.1.3"
  resolved "https://registry.yarnpkg.com/catbox/-/catbox-7.1.3.tgz#9817edec5a921743282addfc9c45ace52847eebb"
  dependencies:
    boom "4.x.x"
    hoek "4.x.x"
    joi "10.x.x"

component-bind@1.0.0:
  version "1.0.0"
  resolved "https://registry.yarnpkg.com/component-bind/-/component-bind-1.0.0.tgz#00c608ab7dcd93897c0009651b1d3a8e1e73bbd1"

component-emitter@1.1.2:
  version "1.1.2"
  resolved "https://registry.yarnpkg.com/component-emitter/-/component-emitter-1.1.2.tgz#296594f2753daa63996d2af08d15a95116c9aec3"

component-emitter@1.2.1:
  version "1.2.1"
  resolved "https://registry.yarnpkg.com/component-emitter/-/component-emitter-1.2.1.tgz#137918d6d78283f7df7a6b7c5a63e140e69425e6"

component-inherit@0.0.3:
  version "0.0.3"
  resolved "https://registry.yarnpkg.com/component-inherit/-/component-inherit-0.0.3.tgz#645fc4adf58b72b649d5cae65135619db26ff143"

content@3.x.x:
  version "3.0.3"
  resolved "https://registry.yarnpkg.com/content/-/content-3.0.3.tgz#000f8a01371b95c66afe99be9390fa6cb91aa87a"
  dependencies:
    boom "4.x.x"

cookie@0.3.1:
  version "0.3.1"
  resolved "https://registry.yarnpkg.com/cookie/-/cookie-0.3.1.tgz#e7e0a1f9ef43b4c8ba925c5c5a96e806d16873bb"

core-util-is@~1.0.0:
  version "1.0.2"
  resolved "https://registry.yarnpkg.com/core-util-is/-/core-util-is-1.0.2.tgz#b5fd54220aa2bc5ab57aab7140c940754503c1a7"

cryptiles@3.x.x:
  version "3.1.1"
  resolved "https://registry.yarnpkg.com/cryptiles/-/cryptiles-3.1.1.tgz#86a9203f7367a0e9324bc7555ff0fcf5f81979ee"
  dependencies:
    boom "4.x.x"

debug@2.2.0:
  version "2.2.0"
  resolved "https://registry.yarnpkg.com/debug/-/debug-2.2.0.tgz#f87057e995b1a1f6ae6a4960664137bc56f039da"
  dependencies:
    ms "0.7.1"

debug@2.3.3:
  version "2.3.3"
  resolved "https://registry.yarnpkg.com/debug/-/debug-2.3.3.tgz#40c453e67e6e13c901ddec317af8986cda9eff8c"
  dependencies:
    ms "0.7.2"

engine.io-client@1.8.3:
  version "1.8.3"
  resolved "https://registry.yarnpkg.com/engine.io-client/-/engine.io-client-1.8.3.tgz#1798ed93451246453d4c6f635d7a201fe940d5ab"
  dependencies:
    component-emitter "1.2.1"
    component-inherit "0.0.3"
    debug "2.3.3"
    engine.io-parser "1.3.2"
    has-cors "1.1.0"
    indexof "0.0.1"
    parsejson "0.0.3"
    parseqs "0.0.5"
    parseuri "0.0.5"
    ws "1.1.2"
    xmlhttprequest-ssl "1.5.3"
    yeast "0.1.2"

engine.io-parser@1.3.2:
  version "1.3.2"
  resolved "https://registry.yarnpkg.com/engine.io-parser/-/engine.io-parser-1.3.2.tgz#937b079f0007d0893ec56d46cb220b8cb435220a"
  dependencies:
    after "0.8.2"
    arraybuffer.slice "0.0.6"
    base64-arraybuffer "0.1.5"
    blob "0.0.4"
    has-binary "0.1.7"
    wtf-8 "1.0.0"

engine.io@1.8.3:
  version "1.8.3"
  resolved "https://registry.yarnpkg.com/engine.io/-/engine.io-1.8.3.tgz#8de7f97895d20d39b85f88eeee777b2bd42b13d4"
  dependencies:
    accepts "1.3.3"
    base64id "1.0.0"
    cookie "0.3.1"
    debug "2.3.3"
    engine.io-parser "1.3.2"
    ws "1.1.2"

good-console@^5.3.0:
  version "5.3.2"
  resolved "https://registry.yarnpkg.com/good-console/-/good-console-5.3.2.tgz#7fc73d4437e25ac4e8383241e46696cba37489ad"
  dependencies:
    good-squeeze "2.x.x"
    hoek "2.x.x"
    json-stringify-safe "5.0.x"
    moment "2.11.x"
    through2 "0.6.x"

good-squeeze@2.x.x:
  version "2.1.0"
  resolved "https://registry.yarnpkg.com/good-squeeze/-/good-squeeze-2.1.0.tgz#99cee91d26d591698a899c28e9310bcf3c6ae28a"
  dependencies:
    hoek "2.x.x"
    json-stringify-safe "5.0.x"

good@^6.4.0:
  version "6.6.3"
  resolved "https://registry.yarnpkg.com/good/-/good-6.6.3.tgz#07dcc811fc12b8398a9c331ecdd337ece5a88035"
  dependencies:
    hoek "2.x.x"
    items "1.x.x"
    joi "6.x.x"
    traverse "0.6.6"
    wreck "6.x.x"

hapi@^12.1.0:
  version "12.1.0"
  resolved "https://registry.yarnpkg.com/hapi/-/hapi-12.1.0.tgz#9932c63300d247a92caec120aa9fab72a41248f1"
  dependencies:
    accept "2.x.x"
    ammo "2.x.x"
    boom "3.x.x"
    call "3.x.x"
    catbox "7.x.x"
    catbox-memory "2.x.x"
    cryptiles "3.x.x"
    heavy "4.x.x"
    hoek "3.x.x"
    iron "3.x.x"
    items "2.x.x"
    joi "7.x.x"
    kilt "2.x.x"
    mimos "3.x.x"
    peekaboo "2.x.x"
    shot "3.x.x"
    statehood "3.x.x"
    subtext "4.x.x"
    topo "2.x.x"

has-binary@0.1.7:
  version "0.1.7"
  resolved "https://registry.yarnpkg.com/has-binary/-/has-binary-0.1.7.tgz#68e61eb16210c9545a0a5cce06a873912fe1e68c"
  dependencies:
    isarray "0.0.1"

has-cors@1.1.0:
  version "1.1.0"
  resolved "https://registry.yarnpkg.com/has-cors/-/has-cors-1.1.0.tgz#5e474793f7ea9843d1bb99c23eef49ff126fff39"

heavy@4.x.x:
  version "4.0.3"
  resolved "https://registry.yarnpkg.com/heavy/-/heavy-4.0.3.tgz#976bba118b011b15fe904aa4f292a168bfc6232f"
  dependencies:
    boom "4.x.x"
    hoek "4.x.x"
    joi "10.x.x"

hoek@2.x.x:
  version "2.16.3"
  resolved "https://registry.yarnpkg.com/hoek/-/hoek-2.16.3.tgz#20bb7403d3cea398e91dc4710a8ff1b8274a25ed"

hoek@3.x.x:
  version "3.0.4"
  resolved "https://registry.yarnpkg.com/hoek/-/hoek-3.0.4.tgz#268adff66bb6695c69b4789a88b1e0847c3f3123"

hoek@4.x.x:
  version "4.1.0"
  resolved "https://registry.yarnpkg.com/hoek/-/hoek-4.1.0.tgz#4a4557460f69842ed463aa00628cc26d2683afa7"

indexof@0.0.1:
  version "0.0.1"
  resolved "https://registry.yarnpkg.com/indexof/-/indexof-0.0.1.tgz#82dc336d232b9062179d05ab3293a66059fd435d"

inert@^4.0.1:
  version "4.1.0"
  resolved "https://registry.yarnpkg.com/inert/-/inert-4.1.0.tgz#e68df9fb0b87d8ad688e3428daaf35d623b64f5d"
  dependencies:
    ammo "2.x.x"
    boom "4.x.x"
    hoek "4.x.x"
    items "2.x.x"
    joi "10.x.x"
    lru-cache "4.0.x"

inherits@~2.0.1:
  version "2.0.3"
  resolved "https://registry.yarnpkg.com/inherits/-/inherits-2.0.3.tgz#633c2c83e3da42a502f52466022480f4208261de"

iron@3.x.x:
  version "3.0.1"
  resolved "https://registry.yarnpkg.com/iron/-/iron-3.0.1.tgz#3dd3b100a721d15b9b7b033a0cf4c1e326603cd3"
  dependencies:
    boom "3.x.x"
    cryptiles "3.x.x"
    hoek "3.x.x"

isarray@0.0.1:
  version "0.0.1"
  resolved "https://registry.yarnpkg.com/isarray/-/isarray-0.0.1.tgz#8a18acfca9a8f4177e09abfc6038939b05d1eedf"

isemail@1.x.x:
  version "1.2.0"
  resolved "https://registry.yarnpkg.com/isemail/-/isemail-1.2.0.tgz#be03df8cc3e29de4d2c5df6501263f1fa4595e9a"

isemail@2.x.x:
  version "2.2.1"
  resolved "https://registry.yarnpkg.com/isemail/-/isemail-2.2.1.tgz#0353d3d9a62951080c262c2aa0a42b8ea8e9e2a6"

items@1.x.x:
  version "1.1.1"
  resolved "https://registry.yarnpkg.com/items/-/items-1.1.1.tgz#435b5dd21bca28b3cfd25bb5c6b278b715010fd9"

items@2.x.x:
  version "2.1.1"
  resolved "https://registry.yarnpkg.com/items/-/items-2.1.1.tgz#8bd16d9c83b19529de5aea321acaada78364a198"

joi@10.x.x:
  version "10.2.2"
  resolved "https://registry.yarnpkg.com/joi/-/joi-10.2.2.tgz#dc5a792b7b4c6fffa562242a95b55d9d3f077e24"
  dependencies:
    hoek "4.x.x"
    isemail "2.x.x"
    items "2.x.x"
    topo "2.x.x"

joi@6.x.x:
  version "6.10.1"
  resolved "https://registry.yarnpkg.com/joi/-/joi-6.10.1.tgz#4d50c318079122000fe5f16af1ff8e1917b77e06"
  dependencies:
    hoek "2.x.x"
    isemail "1.x.x"
    moment "2.x.x"
    topo "1.x.x"

joi@7.x.x:
  version "7.3.0"
  resolved "https://registry.yarnpkg.com/joi/-/joi-7.3.0.tgz#4d9c9f181830444083665b5b6cd5b8ca6779a5e9"
  dependencies:
    hoek "3.x.x"
    isemail "2.x.x"
    moment "2.x.x"
    topo "2.x.x"

json-stringify-safe@5.0.x:
  version "5.0.1"
  resolved "https://registry.yarnpkg.com/json-stringify-safe/-/json-stringify-safe-5.0.1.tgz#1296a2d58fd45f19a0f6ce01d65701e2c735b6eb"

json3@3.3.2:
  version "3.3.2"
  resolved "https://registry.yarnpkg.com/json3/-/json3-3.3.2.tgz#3c0434743df93e2f5c42aee7b19bcb483575f4e1"

kilt@2.x.x:
  version "2.0.2"
  resolved "https://registry.yarnpkg.com/kilt/-/kilt-2.0.2.tgz#04d7183c298a1232efddf7ddca5959a8f6301e20"
  dependencies:
    hoek "4.x.x"

lru-cache@4.0.x:
  version "4.0.2"
  resolved "https://registry.yarnpkg.com/lru-cache/-/lru-cache-4.0.2.tgz#1d17679c069cda5d040991a09dbc2c0db377e55e"
  dependencies:
    pseudomap "^1.0.1"
    yallist "^2.0.0"

mime-db@1.x.x, mime-db@~1.26.0:
  version "1.26.0"
  resolved "https://registry.yarnpkg.com/mime-db/-/mime-db-1.26.0.tgz#eaffcd0e4fc6935cf8134da246e2e6c35305adff"

mime-types@~2.1.11:
  version "2.1.14"
  resolved "https://registry.yarnpkg.com/mime-types/-/mime-types-2.1.14.tgz#f7ef7d97583fcaf3b7d282b6f8b5679dab1e94ee"
  dependencies:
    mime-db "~1.26.0"

mimos@3.x.x:
  version "3.0.3"
  resolved "https://registry.yarnpkg.com/mimos/-/mimos-3.0.3.tgz#b9109072ad378c2b72f6a0101c43ddfb2b36641f"
  dependencies:
    hoek "4.x.x"
    mime-db "1.x.x"

moment@2.11.x, moment@2.x.x:
  version "2.11.2"
  resolved "https://registry.yarnpkg.com/moment/-/moment-2.11.2.tgz#87968e5f95ac038c2e42ac959c75819cd3f52901"

ms@0.7.1:
  version "0.7.1"
  resolved "https://registry.yarnpkg.com/ms/-/ms-0.7.1.tgz#9cd13c03adbff25b65effde7ce864ee952017098"

ms@0.7.2:
  version "0.7.2"
  resolved "https://registry.yarnpkg.com/ms/-/ms-0.7.2.tgz#ae25cf2512b3885a1d95d7f037868d8431124765"

negotiator@0.6.1:
  version "0.6.1"
  resolved "https://registry.yarnpkg.com/negotiator/-/negotiator-0.6.1.tgz#2b327184e8992101177b28563fb5e7102acd0ca9"

nigel@2.x.x:
  version "2.0.2"
  resolved "https://registry.yarnpkg.com/nigel/-/nigel-2.0.2.tgz#93a1866fb0c52d87390aa75e2b161f4b5c75e5b1"
  dependencies:
    hoek "4.x.x"
    vise "2.x.x"

object-assign@4.1.0:
  version "4.1.0"
  resolved "https://registry.yarnpkg.com/object-assign/-/object-assign-4.1.0.tgz#7a3b3d0e98063d43f4c03f2e8ae6cd51a86883a0"

object-assign@^4.1.0:
  version "4.1.1"
  resolved "https://registry.yarnpkg.com/object-assign/-/object-assign-4.1.1.tgz#2109adc7965887cfc05cbbd442cac8bfbb360863"

object-component@0.0.3:
  version "0.0.3"
  resolved "https://registry.yarnpkg.com/object-component/-/object-component-0.0.3.tgz#f0c69aa50efc95b866c186f400a33769cb2f1291"

options@>=0.0.5:
  version "0.0.6"
  resolved "https://registry.yarnpkg.com/options/-/options-0.0.6.tgz#ec22d312806bb53e731773e7cdaefcf1c643128f"

parsejson@0.0.3:
  version "0.0.3"
  resolved "https://registry.yarnpkg.com/parsejson/-/parsejson-0.0.3.tgz#ab7e3759f209ece99437973f7d0f1f64ae0e64ab"
  dependencies:
    better-assert "~1.0.0"

parseqs@0.0.5:
  version "0.0.5"
  resolved "https://registry.yarnpkg.com/parseqs/-/parseqs-0.0.5.tgz#d5208a3738e46766e291ba2ea173684921a8b89d"
  dependencies:
    better-assert "~1.0.0"

parseuri@0.0.5:
  version "0.0.5"
  resolved "https://registry.yarnpkg.com/parseuri/-/parseuri-0.0.5.tgz#80204a50d4dbb779bfdc6ebe2778d90e4bce320a"
  dependencies:
    better-assert "~1.0.0"

peekaboo@2.x.x:
  version "2.0.2"
  resolved "https://registry.yarnpkg.com/peekaboo/-/peekaboo-2.0.2.tgz#fc42e139efd698c6ff2870a6b20c047cd9aa29ff"

pez@2.x.x:
  version "2.1.4"
  resolved "https://registry.yarnpkg.com/pez/-/pez-2.1.4.tgz#73f822fa62d599d65c4606f490d54d345191bc7c"
  dependencies:
    b64 "3.x.x"
    boom "4.x.x"
    content "3.x.x"
    hoek "4.x.x"
    nigel "2.x.x"

pseudomap@^1.0.1:
  version "1.0.2"
  resolved "https://registry.yarnpkg.com/pseudomap/-/pseudomap-1.0.2.tgz#f052a28da70e618917ef0a8ac34c1ae5a68286b3"

"readable-stream@>=1.0.33-1 <1.1.0-0":
  version "1.0.34"
  resolved "https://registry.yarnpkg.com/readable-stream/-/readable-stream-1.0.34.tgz#125820e34bc842d2f2aaafafe4c2916ee32c157c"
  dependencies:
    core-util-is "~1.0.0"
    inherits "~2.0.1"
    isarray "0.0.1"
    string_decoder "~0.10.x"

shot@3.x.x:
  version "3.4.0"
  resolved "https://registry.yarnpkg.com/shot/-/shot-3.4.0.tgz#e7125ee72575ae5218349e933636808d790d4b92"
  dependencies:
    hoek "4.x.x"
    joi "10.x.x"

socket.io-adapter@0.5.0:
  version "0.5.0"
  resolved "https://registry.yarnpkg.com/socket.io-adapter/-/socket.io-adapter-0.5.0.tgz#cb6d4bb8bec81e1078b99677f9ced0046066bb8b"
  dependencies:
    debug "2.3.3"
    socket.io-parser "2.3.1"

socket.io-client@1.7.3:
  version "1.7.3"
  resolved "https://registry.yarnpkg.com/socket.io-client/-/socket.io-client-1.7.3.tgz#b30e86aa10d5ef3546601c09cde4765e381da377"
  dependencies:
    backo2 "1.0.2"
    component-bind "1.0.0"
    component-emitter "1.2.1"
    debug "2.3.3"
    engine.io-client "1.8.3"
    has-binary "0.1.7"
    indexof "0.0.1"
    object-component "0.0.3"
    parseuri "0.0.5"
    socket.io-parser "2.3.1"
    to-array "0.1.4"

socket.io-parser@2.3.1:
  version "2.3.1"
  resolved "https://registry.yarnpkg.com/socket.io-parser/-/socket.io-parser-2.3.1.tgz#dd532025103ce429697326befd64005fcfe5b4a0"
  dependencies:
    component-emitter "1.1.2"
    debug "2.2.0"
    isarray "0.0.1"
    json3 "3.3.2"

socket.io@^1.4.8:
  version "1.7.3"
  resolved "https://registry.yarnpkg.com/socket.io/-/socket.io-1.7.3.tgz#b8af9caba00949e568e369f1327ea9be9ea2461b"
  dependencies:
    debug "2.3.3"
    engine.io "1.8.3"
    has-binary "0.1.7"
    object-assign "4.1.0"
    socket.io-adapter "0.5.0"
    socket.io-client "1.7.3"
    socket.io-parser "2.3.1"

statehood@3.x.x:
  version "3.1.0"
  resolved "https://registry.yarnpkg.com/statehood/-/statehood-3.1.0.tgz#13db8c1170a726831afea3016cff13948be8f2a0"
  dependencies:
    boom "3.x.x"
    cryptiles "3.x.x"
    hoek "3.x.x"
    iron "3.x.x"
    items "2.x.x"
    joi "7.x.x"

string_decoder@~0.10.x:
  version "0.10.31"
  resolved "https://registry.yarnpkg.com/string_decoder/-/string_decoder-0.10.31.tgz#62e203bc41766c6c28c9fc84301dab1c5310fa94"

subtext@4.x.x:
  version "4.3.0"
  resolved "https://registry.yarnpkg.com/subtext/-/subtext-4.3.0.tgz#dfac90492ec35669fd6e00c6e5d938b06d7ccfbb"
  dependencies:
    boom "4.x.x"
    content "3.x.x"
    hoek "4.x.x"
    pez "2.x.x"
    wreck "10.x.x"

through2@0.6.x:
  version "0.6.5"
  resolved "https://registry.yarnpkg.com/through2/-/through2-0.6.5.tgz#41ab9c67b29d57209071410e1d7a7a968cd3ad48"
  dependencies:
    readable-stream ">=1.0.33-1 <1.1.0-0"
    xtend ">=4.0.0 <4.1.0-0"

to-array@0.1.4:
  version "0.1.4"
  resolved "https://registry.yarnpkg.com/to-array/-/to-array-0.1.4.tgz#17e6c11f73dd4f3d74cda7a4ff3238e9ad9bf890"

topo@1.x.x:
  version "1.1.0"
  resolved "https://registry.yarnpkg.com/topo/-/topo-1.1.0.tgz#e9d751615d1bb87dc865db182fa1ca0a5ef536d5"
  dependencies:
    hoek "2.x.x"

topo@2.x.x:
  version "2.0.2"
  resolved "https://registry.yarnpkg.com/topo/-/topo-2.0.2.tgz#cd5615752539057c0dc0491a621c3bc6fbe1d182"
  dependencies:
    hoek "4.x.x"

traverse@0.6.6:
  version "0.6.6"
  resolved "https://registry.yarnpkg.com/traverse/-/traverse-0.6.6.tgz#cbdf560fd7b9af632502fed40f918c157ea97137"

ultron@1.0.x:
  version "1.0.2"
  resolved "https://registry.yarnpkg.com/ultron/-/ultron-1.0.2.tgz#ace116ab557cd197386a4e88f4685378c8b2e4fa"

uuid@^2.0.2:
  version "2.0.3"
  resolved "https://registry.yarnpkg.com/uuid/-/uuid-2.0.3.tgz#67e2e863797215530dff318e5bf9dcebfd47b21a"

vise@2.x.x:
  version "2.0.2"
  resolved "https://registry.yarnpkg.com/vise/-/vise-2.0.2.tgz#6b08e8fb4cb76e3a50cd6dd0ec37338e811a0d39"
  dependencies:
    hoek "4.x.x"

wreck@10.x.x:
  version "10.0.0"
  resolved "https://registry.yarnpkg.com/wreck/-/wreck-10.0.0.tgz#98ab882f85e16a526332507f101f5a7841162278"
  dependencies:
    boom "4.x.x"
    hoek "4.x.x"

wreck@6.x.x:
  version "6.3.0"
  resolved "https://registry.yarnpkg.com/wreck/-/wreck-6.3.0.tgz#a1369769f07bbb62d6a378336a7871fc773c740b"
  dependencies:
    boom "2.x.x"
    hoek "2.x.x"

ws@1.1.2:
  version "1.1.2"
  resolved "https://registry.yarnpkg.com/ws/-/ws-1.1.2.tgz#8a244fa052401e08c9886cf44a85189e1fd4067f"
  dependencies:
    options ">=0.0.5"
    ultron "1.0.x"

wtf-8@1.0.0:
  version "1.0.0"
  resolved "https://registry.yarnpkg.com/wtf-8/-/wtf-8-1.0.0.tgz#392d8ba2d0f1c34d1ee2d630f15d0efb68e1048a"

xmlhttprequest-ssl@1.5.3:
  version "1.5.3"
  resolved "https://registry.yarnpkg.com/xmlhttprequest-ssl/-/xmlhttprequest-ssl-1.5.3.tgz#185a888c04eca46c3e4070d99f7b49de3528992d"

"xtend@>=4.0.0 <4.1.0-0":
  version "4.0.1"
  resolved "https://registry.yarnpkg.com/xtend/-/xtend-4.0.1.tgz#a5c6d532be656e23db820efb943a1f04998d63af"

yallist@^2.0.0:
  version "2.1.2"
  resolved "https://registry.yarnpkg.com/yallist/-/yallist-2.1.2.tgz#1c11f9218f076089a47dd512f93c6699a6a81d52"

yeast@0.1.2:
  version "0.1.2"
  resolved "https://registry.yarnpkg.com/yeast/-/yeast-0.1.2.tgz#008e06d8094320c372dbc2f8ed76a0ca6c8ac419"
